# This file is autogenerated, do not edit; changes may be undone by the next 'dep ensure'.


[[projects]]
  branch = "master"
  name = "github.com/bgentry/pflag"
  packages = ["."]
  revision = "b008717215c7236e20ca2faaf805e54ba6c1d208"

[[projects]]
  branch = "master"
  name = "github.com/samuel/go-zookeeper"
  packages = ["zk"]
  revision = "471cd4e61d7a78ece1791fa5faa0345dc8c7d5a5"

[solve-meta]
  analyzer-name = "dep"
  analyzer-version = 1
  inputs-digest = "a8c8c397016b9174c872043bab88db219fbefd89d512f6f34c1985af14c3ed3d"
  solver-name = "gps-cdcl"
  solver-version = 1
